<Solution>
  <Folder Name="/src/">
    <Project Path="src/AuthNinja.AspNetCore/AuthNinja.AspNetCore.csproj" />
  </Folder>
  <Folder Name="/tests/">
    <Project Path="tests/AuthNinja.AspNetCore.Tests/AuthNinja.AspNetCore.Tests.csproj" />
  </Folder>
  <Folder Name="/demos/">
    <Project Path="../../demos/dotnet-spa/api/DemoApi.csproj" />
    <Project Path="../../demos/dotnet-spa/api/tests/DemoApi.Tests.csproj" />
  </Folder>
</Solution>
